
Microsoft Visual Studio Solution File, Format Version 12.00
# Visual Studio Version 16
VisualStudioVersion = 16.0.32002.261
MinimumVisualStudioVersion = 10.0.40219.1
Project("{9A19103F-16F7-4668-BE54-9A1E7A4F7556}") = "OOPGiris", "OOPGiris\OOPGiris.csproj", "{54CD6C46-6B77-4A26-B407-7CDE6EF6786E}"
EndProject
Project("{9A19103F-16F7-4668-BE54-9A1E7A4F7556}") = "OOPFormOrnegi", "OOPFormOrnegi\OOPFormOrnegi.csproj", "{25345B0B-3556-4C4E-977F-2C28BC8C22C3}"
EndProject
Project("{9A19103F-16F7-4668-BE54-9A1E7A4F7556}") = "Methods", "Methods\Methods.csproj", "{E033AD2A-6FB8-443E-8501-BF45B319AAEF}"
EndProject
Project("{9A19103F-16F7-4668-BE54-9A1E7A4F7556}") = "MetotParametreleri", "MetotParametreleri\MetotParametreleri.csproj", "{E2018760-B7AA-4744-8BC6-BF789ABD560D}"
EndProject
Project("{9A19103F-16F7-4668-BE54-9A1E7A4F7556}") = "GeriyeVeriDondurenMethodlar", "GeriyeVeriDondurenMethodlar\GeriyeVeriDondurenMethodlar.csproj", "{2FAD3905-AD5D-4921-B3AA-CD2541DFBDD9}"
EndProject
Project("{9A19103F-16F7-4668-BE54-9A1E7A4F7556}") = "CheckPhoneMethodExample", "CheckPhoneMethodExample\CheckPhoneMethodExample.csproj", "{B938187C-8487-4969-9AC9-D74698211B1C}"
EndProject
Project("{9A19103F-16F7-4668-BE54-9A1E7A4F7556}") = "RefKeyword", "RefKeyword\RefKeyword.csproj", "{4585B4F0-A238-4C2D-8B40-E7EEE694DA39}"
EndProject
Project("{9A19103F-16F7-4668-BE54-9A1E7A4F7556}") = "outKeyword", "outKeyword\outKeyword.csproj", "{99DD7595-28A0-4E23-8DB5-8069EB29AEB0}"
EndProject
Project("{9A19103F-16F7-4668-BE54-9A1E7A4F7556}") = "ParamsKeyword", "ParamsKeyword\ParamsKeyword.csproj", "{618361BB-7980-4C3E-BA58-7B018B19E803}"
EndProject
Project("{9A19103F-16F7-4668-BE54-9A1E7A4F7556}") = "OOP_Project1", "OOP_Project1\OOP_Project1.csproj", "{83B48453-637F-40EE-8C53-BFADA9DD8752}"
EndProject
Project("{9A19103F-16F7-4668-BE54-9A1E7A4F7556}") = "KurtAdamSaldirisiOrnek", "KurtAdamSaldirisiOrnek\KurtAdamSaldirisiOrnek.csproj", "{A0CE96B5-1E53-49E2-80BA-2AC528674D4D}"
EndProject
Project("{9A19103F-16F7-4668-BE54-9A1E7A4F7556}") = "AccessModifiers", "AccessModifiers\AccessModifiers.csproj", "{32FF0139-A245-45FB-BF5A-4450336037CE}"
EndProject
Project("{9A19103F-16F7-4668-BE54-9A1E7A4F7556}") = "OtherProject", "OtherProject\OtherProject.csproj", "{3244E58D-D171-4F99-8419-23F023860C8C}"
EndProject
Project("{9A19103F-16F7-4668-BE54-9A1E7A4F7556}") = "Constructor", "Constructor\Constructor.csproj", "{B5EF0350-6CC6-4EE8-8A8A-B1B964A9CE5E}"
EndProject
Project("{9A19103F-16F7-4668-BE54-9A1E7A4F7556}") = "ConstructorLoginOrnegi", "ConstructorLoginOrnegi\ConstructorLoginOrnegi.csproj", "{F38ED2C9-4CD8-474F-91D6-261273982744}"
EndProject
Project("{9A19103F-16F7-4668-BE54-9A1E7A4F7556}") = "HospitalManagementAndAppointmentAutomationSystems", "HospitalManagementAndAppointmentAutomationSystems\HospitalManagementAndAppointmentAutomationSystems.csproj", "{CB042ED6-ACC9-400A-8F39-1B8EF6FE57AE}"
EndProject
Project("{9A19103F-16F7-4668-BE54-9A1E7A4F7556}") = "FlightTicketReservationSystem", "FlightTicketReservationSystem\FlightTicketReservationSystem.csproj", "{82F4FC9D-90A2-4DFF-AFBF-DD75BB44EC20}"
EndProject
Project("{9A19103F-16F7-4668-BE54-9A1E7A4F7556}") = "ArrayListFeatures", "ArrayList\ArrayListFeatures.csproj", "{262FCAB2-3FFD-42A3-80BA-0F520406F33D}"
EndProject
Project("{9A19103F-16F7-4668-BE54-9A1E7A4F7556}") = "Encapsulation", "Encapsulation\Encapsulation.csproj", "{A083CC11-579A-4E65-B18C-56B31E3C3BEF}"
EndProject
Project("{FAE04EC0-301F-11D3-BF4B-00C04F79EFBC}") = "Inheritance", "Inheritance\Inheritance.csproj", "{E01CFA18-BD8B-467D-898C-340618C3E777}"
EndProject
Project("{FAE04EC0-301F-11D3-BF4B-00C04F79EFBC}") = "ListCollection", "ListCollection\ListCollection.csproj", "{F615A361-8340-4DBF-B3F2-98B844D0CA20}"
EndProject
Global
	GlobalSection(SolutionConfigurationPlatforms) = preSolution
		Debug|Any CPU = Debug|Any CPU
		Release|Any CPU = Release|Any CPU
	EndGlobalSection
	GlobalSection(ProjectConfigurationPlatforms) = postSolution
		{54CD6C46-6B77-4A26-B407-7CDE6EF6786E}.Debug|Any CPU.ActiveCfg = Debug|Any CPU
		{54CD6C46-6B77-4A26-B407-7CDE6EF6786E}.Debug|Any CPU.Build.0 = Debug|Any CPU
		{54CD6C46-6B77-4A26-B407-7CDE6EF6786E}.Release|Any CPU.ActiveCfg = Release|Any CPU
		{54CD6C46-6B77-4A26-B407-7CDE6EF6786E}.Release|Any CPU.Build.0 = Release|Any CPU
		{25345B0B-3556-4C4E-977F-2C28BC8C22C3}.Debug|Any CPU.ActiveCfg = Debug|Any CPU
		{25345B0B-3556-4C4E-977F-2C28BC8C22C3}.Debug|Any CPU.Build.0 = Debug|Any CPU
		{25345B0B-3556-4C4E-977F-2C28BC8C22C3}.Release|Any CPU.ActiveCfg = Release|Any CPU
		{25345B0B-3556-4C4E-977F-2C28BC8C22C3}.Release|Any CPU.Build.0 = Release|Any CPU
		{E033AD2A-6FB8-443E-8501-BF45B319AAEF}.Debug|Any CPU.ActiveCfg = Debug|Any CPU
		{E033AD2A-6FB8-443E-8501-BF45B319AAEF}.Debug|Any CPU.Build.0 = Debug|Any CPU
		{E033AD2A-6FB8-443E-8501-BF45B319AAEF}.Release|Any CPU.ActiveCfg = Release|Any CPU
		{E033AD2A-6FB8-443E-8501-BF45B319AAEF}.Release|Any CPU.Build.0 = Release|Any CPU
		{E2018760-B7AA-4744-8BC6-BF789ABD560D}.Debug|Any CPU.ActiveCfg = Debug|Any CPU
		{E2018760-B7AA-4744-8BC6-BF789ABD560D}.Debug|Any CPU.Build.0 = Debug|Any CPU
		{E2018760-B7AA-4744-8BC6-BF789ABD560D}.Release|Any CPU.ActiveCfg = Release|Any CPU
		{E2018760-B7AA-4744-8BC6-BF789ABD560D}.Release|Any CPU.Build.0 = Release|Any CPU
		{2FAD3905-AD5D-4921-B3AA-CD2541DFBDD9}.Debug|Any CPU.ActiveCfg = Debug|Any CPU
		{2FAD3905-AD5D-4921-B3AA-CD2541DFBDD9}.Debug|Any CPU.Build.0 = Debug|Any CPU
		{2FAD3905-AD5D-4921-B3AA-CD2541DFBDD9}.Release|Any CPU.ActiveCfg = Release|Any CPU
		{2FAD3905-AD5D-4921-B3AA-CD2541DFBDD9}.Release|Any CPU.Build.0 = Release|Any CPU
		{B938187C-8487-4969-9AC9-D74698211B1C}.Debug|Any CPU.ActiveCfg = Debug|Any CPU
		{B938187C-8487-4969-9AC9-D74698211B1C}.Debug|Any CPU.Build.0 = Debug|Any CPU
		{B938187C-8487-4969-9AC9-D74698211B1C}.Release|Any CPU.ActiveCfg = Release|Any CPU
		{B938187C-8487-4969-9AC9-D74698211B1C}.Release|Any CPU.Build.0 = Release|Any CPU
		{4585B4F0-A238-4C2D-8B40-E7EEE694DA39}.Debug|Any CPU.ActiveCfg = Debug|Any CPU
		{4585B4F0-A238-4C2D-8B40-E7EEE694DA39}.Debug|Any CPU.Build.0 = Debug|Any CPU
		{4585B4F0-A238-4C2D-8B40-E7EEE694DA39}.Release|Any CPU.ActiveCfg = Release|Any CPU
		{4585B4F0-A238-4C2D-8B40-E7EEE694DA39}.Release|Any CPU.Build.0 = Release|Any CPU
		{99DD7595-28A0-4E23-8DB5-8069EB29AEB0}.Debug|Any CPU.ActiveCfg = Debug|Any CPU
		{99DD7595-28A0-4E23-8DB5-8069EB29AEB0}.Debug|Any CPU.Build.0 = Debug|Any CPU
		{99DD7595-28A0-4E23-8DB5-8069EB29AEB0}.Release|Any CPU.ActiveCfg = Release|Any CPU
		{99DD7595-28A0-4E23-8DB5-8069EB29AEB0}.Release|Any CPU.Build.0 = Release|Any CPU
		{618361BB-7980-4C3E-BA58-7B018B19E803}.Debug|Any CPU.ActiveCfg = Debug|Any CPU
		{618361BB-7980-4C3E-BA58-7B018B19E803}.Debug|Any CPU.Build.0 = Debug|Any CPU
		{618361BB-7980-4C3E-BA58-7B018B19E803}.Release|Any CPU.ActiveCfg = Release|Any CPU
		{618361BB-7980-4C3E-BA58-7B018B19E803}.Release|Any CPU.Build.0 = Release|Any CPU
		{83B48453-637F-40EE-8C53-BFADA9DD8752}.Debug|Any CPU.ActiveCfg = Debug|Any CPU
		{83B48453-637F-40EE-8C53-BFADA9DD8752}.Debug|Any CPU.Build.0 = Debug|Any CPU
		{83B48453-637F-40EE-8C53-BFADA9DD8752}.Release|Any CPU.ActiveCfg = Release|Any CPU
		{83B48453-637F-40EE-8C53-BFADA9DD8752}.Release|Any CPU.Build.0 = Release|Any CPU
		{A0CE96B5-1E53-49E2-80BA-2AC528674D4D}.Debug|Any CPU.ActiveCfg = Debug|Any CPU
		{A0CE96B5-1E53-49E2-80BA-2AC528674D4D}.Debug|Any CPU.Build.0 = Debug|Any CPU
		{A0CE96B5-1E53-49E2-80BA-2AC528674D4D}.Release|Any CPU.ActiveCfg = Release|Any CPU
		{A0CE96B5-1E53-49E2-80BA-2AC528674D4D}.Release|Any CPU.Build.0 = Release|Any CPU
		{32FF0139-A245-45FB-BF5A-4450336037CE}.Debug|Any CPU.ActiveCfg = Debug|Any CPU
		{32FF0139-A245-45FB-BF5A-4450336037CE}.Debug|Any CPU.Build.0 = Debug|Any CPU
		{32FF0139-A245-45FB-BF5A-4450336037CE}.Release|Any CPU.ActiveCfg = Release|Any CPU
		{32FF0139-A245-45FB-BF5A-4450336037CE}.Release|Any CPU.Build.0 = Release|Any CPU
		{3244E58D-D171-4F99-8419-23F023860C8C}.Debug|Any CPU.ActiveCfg = Debug|Any CPU
		{3244E58D-D171-4F99-8419-23F023860C8C}.Debug|Any CPU.Build.0 = Debug|Any CPU
		{3244E58D-D171-4F99-8419-23F023860C8C}.Release|Any CPU.ActiveCfg = Release|Any CPU
		{3244E58D-D171-4F99-8419-23F023860C8C}.Release|Any CPU.Build.0 = Release|Any CPU
		{B5EF0350-6CC6-4EE8-8A8A-B1B964A9CE5E}.Debug|Any CPU.ActiveCfg = Debug|Any CPU
		{B5EF0350-6CC6-4EE8-8A8A-B1B964A9CE5E}.Debug|Any CPU.Build.0 = Debug|Any CPU
		{B5EF0350-6CC6-4EE8-8A8A-B1B964A9CE5E}.Release|Any CPU.ActiveCfg = Release|Any CPU
		{B5EF0350-6CC6-4EE8-8A8A-B1B964A9CE5E}.Release|Any CPU.Build.0 = Release|Any CPU
		{F38ED2C9-4CD8-474F-91D6-261273982744}.Debug|Any CPU.ActiveCfg = Debug|Any CPU
		{F38ED2C9-4CD8-474F-91D6-261273982744}.Debug|Any CPU.Build.0 = Debug|Any CPU
		{F38ED2C9-4CD8-474F-91D6-261273982744}.Release|Any CPU.ActiveCfg = Release|Any CPU
		{F38ED2C9-4CD8-474F-91D6-261273982744}.Release|Any CPU.Build.0 = Release|Any CPU
		{CB042ED6-ACC9-400A-8F39-1B8EF6FE57AE}.Debug|Any CPU.ActiveCfg = Debug|Any CPU
		{CB042ED6-ACC9-400A-8F39-1B8EF6FE57AE}.Debug|Any CPU.Build.0 = Debug|Any CPU
		{CB042ED6-ACC9-400A-8F39-1B8EF6FE57AE}.Release|Any CPU.ActiveCfg = Release|Any CPU
		{CB042ED6-ACC9-400A-8F39-1B8EF6FE57AE}.Release|Any CPU.Build.0 = Release|Any CPU
		{82F4FC9D-90A2-4DFF-AFBF-DD75BB44EC20}.Debug|Any CPU.ActiveCfg = Debug|Any CPU
		{82F4FC9D-90A2-4DFF-AFBF-DD75BB44EC20}.Debug|Any CPU.Build.0 = Debug|Any CPU
		{82F4FC9D-90A2-4DFF-AFBF-DD75BB44EC20}.Release|Any CPU.ActiveCfg = Release|Any CPU
		{82F4FC9D-90A2-4DFF-AFBF-DD75BB44EC20}.Release|Any CPU.Build.0 = Release|Any CPU
		{262FCAB2-3FFD-42A3-80BA-0F520406F33D}.Debug|Any CPU.ActiveCfg = Debug|Any CPU
		{262FCAB2-3FFD-42A3-80BA-0F520406F33D}.Debug|Any CPU.Build.0 = Debug|Any CPU
		{262FCAB2-3FFD-42A3-80BA-0F520406F33D}.Release|Any CPU.ActiveCfg = Release|Any CPU
		{262FCAB2-3FFD-42A3-80BA-0F520406F33D}.Release|Any CPU.Build.0 = Release|Any CPU
		{A083CC11-579A-4E65-B18C-56B31E3C3BEF}.Debug|Any CPU.ActiveCfg = Debug|Any CPU
		{A083CC11-579A-4E65-B18C-56B31E3C3BEF}.Debug|Any CPU.Build.0 = Debug|Any CPU
		{A083CC11-579A-4E65-B18C-56B31E3C3BEF}.Release|Any CPU.ActiveCfg = Release|Any CPU
		{A083CC11-579A-4E65-B18C-56B31E3C3BEF}.Release|Any CPU.Build.0 = Release|Any CPU
		{E01CFA18-BD8B-467D-898C-340618C3E777}.Debug|Any CPU.ActiveCfg = Debug|Any CPU
		{E01CFA18-BD8B-467D-898C-340618C3E777}.Debug|Any CPU.Build.0 = Debug|Any CPU
		{E01CFA18-BD8B-467D-898C-340618C3E777}.Release|Any CPU.ActiveCfg = Release|Any CPU
		{E01CFA18-BD8B-467D-898C-340618C3E777}.Release|Any CPU.Build.0 = Release|Any CPU
		{F615A361-8340-4DBF-B3F2-98B844D0CA20}.Debug|Any CPU.ActiveCfg = Debug|Any CPU
		{F615A361-8340-4DBF-B3F2-98B844D0CA20}.Debug|Any CPU.Build.0 = Debug|Any CPU
		{F615A361-8340-4DBF-B3F2-98B844D0CA20}.Release|Any CPU.ActiveCfg = Release|Any CPU
		{F615A361-8340-4DBF-B3F2-98B844D0CA20}.Release|Any CPU.Build.0 = Release|Any CPU
	EndGlobalSection
	GlobalSection(SolutionProperties) = preSolution
		HideSolutionNode = FALSE
	EndGlobalSection
	GlobalSection(ExtensibilityGlobals) = postSolution
		SolutionGuid = {DD88AFEC-402C-4C8A-9ED2-F1C3FE2BAA78}
	EndGlobalSection
EndGlobal
